// !$*UTF8*$!
{
	archiveVersion = 1;
	classes = {
	};
	objectVersion = 46;
	objects = {

/* Begin PBXBuildFile section */
		AE4F0E041DD22204009C7ACB /* SearchViewController.m in Sources */ = {isa = PBXBuildFile; fileRef = AE4F0E031DD22204009C7ACB /* SearchViewController.m */; };
		AEA61FE11DC788F000400747 /* main.m in Sources */ = {isa = PBXBuildFile; fileRef = AEA61FE01DC788F000400747 /* main.m */; };
		AEA61FE41DC788F000400747 /* AppDelegate.m in Sources */ = {isa = PBXBuildFile; fileRef = AEA61FE31DC788F000400747 /* AppDelegate.m */; };
		AEA61FE71DC788F000400747 /* ViewController.m in Sources */ = {isa = PBXBuildFile; fileRef = AEA61FE61DC788F000400747 /* ViewController.m */; };
		AEA61FEA1DC788F000400747 /* Main.storyboard in Resources */ = {isa = PBXBuildFile; fileRef = AEA61FE81DC788F000400747 /* Main.storyboard */; };
		AEA61FEC1DC788F000400747 /* Assets.xcassets in Resources */ = {isa = PBXBuildFile; fileRef = AEA61FEB1DC788F000400747 /* Assets.xcassets */; };
		AEA61FEF1DC788F000400747 /* LaunchScreen.storyboard in Resources */ = {isa = PBXBuildFile; fileRef = AEA61FED1DC788F000400747 /* LaunchScreen.storyboard */; };
/* End PBXBuildFile section */

/* Begin PBXFileReference section */
		AE4F0E021DD22204009C7ACB /* SearchViewController.h */ = {isa = PBXFileReference; fileEncoding = 4; lastKnownFileType = sourcecode.c.h; path = SearchViewController.h; sourceTree = "<group>"; };
		AE4F0E031DD22204009C7ACB /* SearchViewController.m */ = {isa = PBXFileReference; fileEncoding = 4; lastKnownFileType = sourcecode.c.objc; path = SearchViewController.m; sourceTree = "<group>"; };
		AEA61FDC1DC788F000400747 /* Project.app */ = {isa = PBXFileReference; explicitFileType = wrapper.application; includeInIndex = 0; path = Project.app; sourceTree = BUILT_PRODUCTS_DIR; };
		AEA61FE01DC788F000400747 /* main.m */ = {isa = PBXFileReference; lastKnownFileType = sourcecode.c.objc; path = main.m; sourceTree = "<group>"; };
		AEA61FE21DC788F000400747 /* AppDelegate.h */ = {isa = PBXFileReference; lastKnownFileType = sourcecode.c.h; path = AppDelegate.h; sourceTree = "<group>"; };
		AEA61FE31DC788F000400747 /* AppDelegate.m */ = {isa = PBXFileReference; lastKnownFileType = sourcecode.c.objc; path = AppDelegate.m; sourceTree = "<group>"; };
		AEA61FE51DC788F000400747 /* ViewController.h */ = {isa = PBXFileReference; lastKnownFileType = sourcecode.c.h; path = ViewController.h; sourceTree = "<group>"; };
		AEA61FE61DC788F000400747 /* ViewController.m */ = {isa = PBXFileReference; lastKnownFileType = sourcecode.c.objc; path = ViewController.m; sourceTree = "<group>"; };
		AEA61FE91DC788F000400747 /* Base */ = {isa = PBXFileReference; lastKnownFileType = file.storyboard; name = Base; path = Base.lproj/Main.storyboard; sourceTree = "<group>"; };
		AEA61FEB1DC788F000400747 /* Assets.xcassets */ = {isa = PBXFileReference; lastKnownFileType = folder.assetcatalog; path = Assets.xcassets; sourceTree = "<group>"; };
		AEA61FEE1DC788F000400747 /* Base */ = {isa = PBXFileReference; lastKnownFileType = file.storyboard; name = Base; path = Base.lproj/LaunchScreen.storyboard; sourceTree = "<group>"; };
		AEA61FF01DC788F000400747 /* Info.plist */ = {isa = PBXFileReference; lastKnownFileType = text.plist.xml; path = Info.plist; sourceTree = "<group>"; };
/* End PBXFileReference section */

/* Begin PBXFrameworksBuildPhase section */
		AEA61FD91DC788F000400747 /* Frameworks */ = {
			isa = PBXFrameworksBuildPhase;
			buildActionMask = 2147483647;
			files = (
			);
			runOnlyForDeploymentPostprocessing = 0;
		};
/* End PBXFrameworksBuildPhase section */

/* Begin PBXGroup section */
		AE4F0E001DD220B1009C7ACB /* Nibs */ = {
			isa = PBXGroup;
			children = (
				AEA61FED1DC788F000400747 /* LaunchScreen.storyboard */,
				AEA61FE81DC788F000400747 /* Main.storyboard */,
			);
			name = Nibs;
			sourceTree = "<group>";
		};
		AE4F0E011DD220C5009C7ACB /* Images */ = {
			isa = PBXGroup;
			children = (
			);
			name = Images;
			sourceTree = "<group>";
		};
		AEA61FD31DC788F000400747 = {
			isa = PBXGroup;
			children = (
				AEA61FDE1DC788F000400747 /* Project */,
				AEA61FDD1DC788F000400747 /* Products */,
			);
			sourceTree = "<group>";
		};
		AEA61FDD1DC788F000400747 /* Products */ = {
			isa = PBXGroup;
			children = (
				AEA61FDC1DC788F000400747 /* Project.app */,
			);
			name = Products;
			sourceTree = "<group>";
		};
		AEA61FDE1DC788F000400747 /* Project */ = {
			isa = PBXGroup;
			children = (
				AE4F0E011DD220C5009C7ACB /* Images */,
				AE4F0E001DD220B1009C7ACB /* Nibs */,
				AEA61FE21DC788F000400747 /* AppDelegate.h */,
				AEA61FE31DC788F000400747 /* AppDelegate.m */,
				AEA61FE51DC788F000400747 /* ViewController.h */,
				AEA61FE61DC788F000400747 /* ViewController.m */,
				AEA61FEB1DC788F000400747 /* Assets.xcassets */,
				AEA61FF01DC788F000400747 /* Info.plist */,
				AEA61FDF1DC788F000400747 /* Supporting Files */,
				AE4F0E021DD22204009C7ACB /* SearchViewController.h */,
				AE4F0E031DD22204009C7ACB /* SearchViewController.m */,
			);
			path = Project;
			sourceTree = "<group>";
		};
		AEA61FDF1DC788F000400747 /* Supporting Files */ = {
			isa = PBXGroup;
			children = (
				AEA61FE01DC788F000400747 /* main.m */,
			);
			name = "Supporting Files";
			sourceTree = "<group>";
		};
/* End PBXGroup section */

/* Begin PBXNativeTarget section */
		AEA61FDB1DC788F000400747 /* Project */ = {
			isa = PBXNativeTarget;
			buildConfigurationList = AEA61FF31DC788F000400747 /* Build configuration list for PBXNativeTarget "Project" */;
			buildPhases = (
				AEA61FD81DC788F000400747 /* Sources */,
				AEA61FD91DC788F000400747 /* Frameworks */,
				AEA61FDA1DC788F000400747 /* Resources */,
			);
			buildRules = (
			);
			dependencies = (
			);
			name = Project;
			productName = Project;
			productReference = AEA61FDC1DC788F000400747 /* Project.app */;
			productType = "com.apple.product-type.application";
		};
/* End PBXNativeTarget section */

/* Begin PBXProject section */
		AEA61FD41DC788F000400747 /* Project object */ = {
			isa = PBXProject;
			attributes = {
				LastUpgradeCheck = 0730;
				ORGANIZATIONNAME = "Xcode Userproject";
				TargetAttributes = {
					AEA61FDB1DC788F000400747 = {
						CreatedOnToolsVersion = 7.3.1;
						DevelopmentTeam = 6837SAQP36;
					};
				};
			};
			buildConfigurationList = AEA61FD71DC788F000400747 /* Build configuration list for PBXProject "Project" */;
			compatibilityVersion = "Xcode 3.2";
			developmentRegion = English;
			hasScannedForEncodings = 0;
			knownRegions = (
				en,
				Base,
			);
			mainGroup = AEA61FD31DC788F000400747;
			productRefGroup = AEA61FDD1DC788F000400747 /* Products */;
			projectDirPath = "";
			projectRoot = "";
			targets = (
				AEA61FDB1DC788F000400747 /* Project */,
			);
		};
/* End PBXProject section */

/* Begin PBXResourcesBuildPhase section */
		AEA61FDA1DC788F000400747 /* Resources */ = {
			isa = PBXResourcesBuildPhase;
			buildActionMask = 2147483647;
			files = (
				AEA61FEF1DC788F000400747 /* LaunchScreen.storyboard in Resources */,
				AEA61FEC1DC788F000400747 /* Assets.xcassets in Resources */,
				AEA61FEA1DC788F000400747 /* Main.storyboard in Resources */,
			);
			runOnlyForDeploymentPostprocessing = 0;
		};
/* End PBXResourcesBuildPhase section */

/* Begin PBXSourcesBuildPhase section */
		AEA61FD81DC788F000400747 /* Sources */ = {
			isa = PBXSourcesBuildPhase;
			buildActionMask = 2147483647;
			files = (
				AEA61FE71DC788F000400747 /* ViewController.m in Sources */,
				AEA61FE41DC788F000400747 /* AppDelegate.m in Sources */,
				AE4F0E041DD22204009C7ACB /* SearchViewController.m in Sources */,
				AEA61FE11DC788F000400747 /* main.m in Sources */,
			);
			runOnlyForDeploymentPostprocessing = 0;
		};
/* End PBXSourcesBuildPhase section */

/* Begin PBXVariantGroup section */
		AEA61FE81DC788F000400747 /* Main.storyboard */ = {
			isa = PBXVariantGroup;
			children = (
				AEA61FE91DC788F000400747 /* Base */,
			);
			name = Main.storyboard;
			sourceTree = "<group>";
		};
		AEA61FED1DC788F000400747 /* LaunchScreen.storyboard */ = {
			isa = PBXVariantGroup;
			children = (
				AEA61FEE1DC788F000400747 /* Base */,
			);
			name = LaunchScreen.storyboard;
			sourceTree = "<group>";
		};
/* End PBXVariantGroup section */

/* Begin XCBuildConfiguration section */
		AEA61FF11DC788F000400747 /* Debug */ = {
			isa = XCBuildConfiguration;
			buildSettings = {
				ALWAYS_SEARCH_USER_PATHS = NO;
				CLANG_ANALYZER_NONNULL = YES;
				CLANG_CXX_LANGUAGE_STANDARD = "gnu++0x";
				CLANG_CXX_LIBRARY = "libc++";
				CLANG_ENABLE_MODULES = YES;
				CLANG_ENABLE_OBJC_ARC = YES;
				CLANG_WARN_BOOL_CONVERSION = YES;
				CLANG_WARN_CONSTANT_CONVERSION = YES;
				CLANG_WARN_DIRECT_OBJC_ISA_USAGE = YES_ERROR;
				CLANG_WARN_EMPTY_BODY = YES;
				CLANG_WARN_ENUM_CONVERSION = YES;
				CLANG_WARN_INT_CONVERSION = YES;
				CLANG_WARN_OBJC_ROOT_CLASS = YES_ERROR;
				CLANG_WARN_UNREACHABLE_CODE = YES;
				CLANG_WARN__DUPLICATE_METHOD_MATCH = YES;
				"CODE_SIGN_IDENTITY[sdk=iphoneos*]" = "iPhone Developer";
				COPY_PHASE_STRIP = NO;
				DEBUG_INFORMATION_FORMAT = dwarf;
				ENABLE_STRICT_OBJC_MSGSEND = YES;
				ENABLE_TESTABILITY = YES;
				GCC_C_LANGUAGE_STANDARD = gnu99;
				GCC_DYNAMIC_NO_PIC = NO;
				GCC_NO_COMMON_BLOCKS = YES;
				GCC_OPTIMIZATION_LEVEL = 0;
				GCC_PREPROCESSOR_DEFINITIONS = (
					"DEBUG=1",
					"$(inherited)",
				);
				GCC_WARN_64_TO_32_BIT_CONVERSION = YES;
				GCC_WARN_ABOUT_RETURN_TYPE = YES_ERROR;
				GCC_WARN_UNDECLARED_SELECTOR = YES;
				GCC_WARN_UNINITIALIZED_AUTOS = YES_AGGRESSIVE;
				GCC_WARN_UNUSED_FUNCTION = YES;
				GCC_WARN_UNUSED_VARIABLE = YES;
				IPHONEOS_DEPLOYMENT_TARGET = 9.3;
				MTL_ENABLE_DEBUG_INFO = YES;
				ONLY_ACTIVE_ARCH = YES;
				SDKROOT = iphoneos;
				TARGETED_DEVICE_FAMILY = "1,2";
			};
			name = Debug;
		};
		AEA61FF21DC788F000400747 /* Release */ = {
			isa = XCBuildConfiguration;
			buildSettings = {
				ALWAYS_SEARCH_USER_PATHS = NO;
				CLANG_ANALYZER_NONNULL = YES;
				CLANG_CXX_LANGUAGE_STANDARD = "gnu++0x";
				CLANG_CXX_LIBRARY = "libc++";
				CLANG_ENABLE_MODULES = YES;
				CLANG_ENABLE_OBJC_ARC = YES;
				CLANG_WARN_BOOL_CONVERSION = YES;
				CLANG_WARN_CONSTANT_CONVERSION = YES;
				CLANG_WARN_DIRECT_OBJC_ISA_USAGE = YES_ERROR;
				CLANG_WARN_EMPTY_BODY = YES;
				CLANG_WARN_ENUM_CONVERSION = YES;
				CLANG_WARN_INT_CONVERSION = YES;
				CLANG_WARN_OBJC_ROOT_CLASS = YES_ERROR;
				CLANG_WARN_UNREACHABLE_CODE = YES;
				CLANG_WARN__DUPLICATE_METHOD_MATCH = YES;
				"CODE_SIGN_IDENTITY[sdk=iphoneos*]" = "iPhone Developer";
				COPY_PHASE_STRIP = NO;
				DEBUG_INFORMATION_FORMAT = "dwarf-with-dsym";
				ENABLE_NS_ASSERTIONS = NO;
				ENABLE_STRICT_OBJC_MSGSEND = YES;
				GCC_C_LANGUAGE_STANDARD = gnu99;
				GCC_NO_COMMON_BLOCKS = YES;
				GCC_WARN_64_TO_32_BIT_CONVERSION = YES;
				GCC_WARN_ABOUT_RETURN_TYPE = YES_ERROR;
				GCC_WARN_UNDECLARED_SELECTOR = YES;
				GCC_WARN_UNINITIALIZED_AUTOS = YES_AGGRESSIVE;
				GCC_WARN_UNUSED_FUNCTION = YES;
				GCC_WARN_UNUSED_VARIABLE = YES;
				IPHONEOS_DEPLOYMENT_TARGET = 9.3;
				MTL_ENABLE_DEBUG_INFO = NO;
				SDKROOT = iphoneos;
				TARGETED_DEVICE_FAMILY = "1,2";
				VALIDATE_PRODUCT = YES;
			};
			name = Release;
		};
		AEA61FF41DC788F000400747 /* Debug */ = {
			isa = XCBuildConfiguration;
			buildSettings = {
				ASSETCATALOG_COMPILER_APPICON_NAME = AppIcon;
				INFOPLIST_FILE = Project/Info.plist;
				LD_RUNPATH_SEARCH_PATHS = "$(inherited) @executable_path/Frameworks";
				PRODUCT_BUNDLE_IDENTIFIER = com.prog31632.Project;
				PRODUCT_NAME = "$(TARGET_NAME)";
			};
			name = Debug;
		};
		AEA61FF51DC788F000400747 /* Release */ = {
			isa = XCBuildConfiguration;
			buildSettings = {
				ASSETCATALOG_COMPILER_APPICON_NAME = AppIcon;
				INFOPLIST_FILE = Project/Info.plist;
				LD_RUNPATH_SEARCH_PATHS = "$(inherited) @executable_path/Frameworks";
				PRODUCT_BUNDLE_IDENTIFIER = com.prog31632.Project;
				PRODUCT_NAME = "$(TARGET_NAME)";
			};
			name = Release;
		};
/* End XCBuildConfiguration section */

/* Begin XCConfigurationList section */
		AEA61FD71DC788F000400747 /* Build configuration list for PBXProject "Project" */ = {
			isa = XCConfigurationList;
			buildConfigurations = (
				AEA61FF11DC788F000400747 /* Debug */,
				AEA61FF21DC788F000400747 /* Release */,
			);
			defaultConfigurationIsVisible = 0;
			defaultConfigurationName = Release;
		};
		AEA61FF31DC788F000400747 /* Build configuration list for PBXNativeTarget "Project" */ = {
			isa = XCConfigurationList;
			buildConfigurations = (
				AEA61FF41DC788F000400747 /* Debug */,
				AEA61FF51DC788F000400747 /* Release */,
			);
			defaultConfigurationIsVisible = 0;
			defaultConfigurationName = Release;
		};
/* End XCConfigurationList section */
	};
	rootObject = AEA61FD41DC788F000400747 /* Project object */;
}
